
Microsoft Visual Studio Solution File, Format Version 12.00
# Visual Studio Version 17
VisualStudioVersion = 17.5.33516.290
MinimumVisualStudioVersion = 10.0.40219.1
Project("{FAE04EC0-301F-11D3-BF4B-00C04F79EFBC}") = "time", "time.csproj", "{CCA14554-0171-46BB-9768-794F322B6340}"
EndProject
Global
	GlobalSection(SolutionConfigurationPlatforms) = preSolution
		Debug|Any CPU = Debug|Any CPU
		Release|Any CPU = Release|Any CPU
	EndGlobalSection
	GlobalSection(ProjectConfigurationPlatforms) = postSolution
		{CCA14554-0171-46BB-9768-794F322B6340}.Debug|Any CPU.ActiveCfg = Debug|Any CPU
		{CCA14554-0171-46BB-9768-794F322B6340}.Debug|Any CPU.Build.0 = Debug|Any CPU
		{CCA14554-0171-46BB-9768-794F322B6340}.Release|Any CPU.ActiveCfg = Release|Any CPU
		{CCA14554-0171-46BB-9768-794F322B6340}.Release|Any CPU.Build.0 = Release|Any CPU
	EndGlobalSection
	GlobalSection(SolutionProperties) = preSolution
		HideSolutionNode = FALSE
	EndGlobalSection
	GlobalSection(ExtensibilityGlobals) = postSolution
		SolutionGuid = {3EE1DEF5-8C57-4014-BF8F-E97DD163229E}
	EndGlobalSection
EndGlobal
